
Microsoft Visual Studio Solution File, Format Version 12.00
# Visual Studio Version 16
VisualStudioVersion = 16.0.29326.143
MinimumVisualStudioVersion = 10.0.40219.1
Project("{9A19103F-16F7-4668-BE54-9A1E7A4F7556}") = "Lelantus", "Lelantus\Lelantus.csproj", "{71C9DCB5-F8FA-4858-811E-D1E1B8705D7B}"
EndProject
Project("{9A19103F-16F7-4668-BE54-9A1E7A4F7556}") = "Lelantus-af", "Lelantus-af\Lelantus-af.csproj", "{F05022F9-5451-4A42-9931-228B3E32B677}"
EndProject
Global
	GlobalSection(SolutionConfigurationPlatforms) = preSolution
		Debug|Any CPU = Debug|Any CPU
		Release|Any CPU = Release|Any CPU
	EndGlobalSection
	GlobalSection(ProjectConfigurationPlatforms) = postSolution
		{71C9DCB5-F8FA-4858-811E-D1E1B8705D7B}.Debug|Any CPU.ActiveCfg = Debug|Any CPU
		{71C9DCB5-F8FA-4858-811E-D1E1B8705D7B}.Debug|Any CPU.Build.0 = Debug|Any CPU
		{71C9DCB5-F8FA-4858-811E-D1E1B8705D7B}.Release|Any CPU.ActiveCfg = Release|Any CPU
		{71C9DCB5-F8FA-4858-811E-D1E1B8705D7B}.Release|Any CPU.Build.0 = Release|Any CPU
		{F05022F9-5451-4A42-9931-228B3E32B677}.Debug|Any CPU.ActiveCfg = Debug|Any CPU
		{F05022F9-5451-4A42-9931-228B3E32B677}.Debug|Any CPU.Build.0 = Debug|Any CPU
		{F05022F9-5451-4A42-9931-228B3E32B677}.Release|Any CPU.ActiveCfg = Release|Any CPU
		{F05022F9-5451-4A42-9931-228B3E32B677}.Release|Any CPU.Build.0 = Release|Any CPU
	EndGlobalSection
	GlobalSection(SolutionProperties) = preSolution
		HideSolutionNode = FALSE
	EndGlobalSection
	GlobalSection(ExtensibilityGlobals) = postSolution
		SolutionGuid = {9FA903E3-AE50-42BF-9A56-CD42D28266EF}
	EndGlobalSection
EndGlobal
